
Microsoft Visual Studio Solution File, Format Version 12.00
# Visual Studio Version 17
VisualStudioVersion = 17.14.36414.22
MinimumVisualStudioVersion = 10.0.40219.1
Project("{8BC9CEB8-8B4A-11D0-8D11-00A0C91BC942}") = "FlightSimulator", "FlightSimulator.vcxproj", "{E742EA53-9D39-441A-9A49-B7D44ED4EC09}"
EndProject
Project("{8BC9CEB8-8B4A-11D0-8D11-00A0C91BC942}") = "ConsoleColors", "..\..\Facade_DesignPattern\ConsoleColors\ConsoleColors.vcxproj", "{8C037FFC-BF78-4601-8D39-5E7D0A3B38A2}"
EndProject
Global
	GlobalSection(SolutionConfigurationPlatforms) = preSolution
		Debug|x64 = Debug|x64
		Debug|x86 = Debug|x86
		Release|x64 = Release|x64
		Release|x86 = Release|x86
	EndGlobalSection
	GlobalSection(ProjectConfigurationPlatforms) = postSolution
		{E742EA53-9D39-441A-9A49-B7D44ED4EC09}.Debug|x64.ActiveCfg = Debug|x64
		{E742EA53-9D39-441A-9A49-B7D44ED4EC09}.Debug|x64.Build.0 = Debug|x64
		{E742EA53-9D39-441A-9A49-B7D44ED4EC09}.Debug|x86.ActiveCfg = Debug|Win32
		{E742EA53-9D39-441A-9A49-B7D44ED4EC09}.Debug|x86.Build.0 = Debug|Win32
		{E742EA53-9D39-441A-9A49-B7D44ED4EC09}.Release|x64.ActiveCfg = Release|x64
		{E742EA53-9D39-441A-9A49-B7D44ED4EC09}.Release|x64.Build.0 = Release|x64
		{E742EA53-9D39-441A-9A49-B7D44ED4EC09}.Release|x86.ActiveCfg = Release|Win32
		{E742EA53-9D39-441A-9A49-B7D44ED4EC09}.Release|x86.Build.0 = Release|Win32
		{8C037FFC-BF78-4601-8D39-5E7D0A3B38A2}.Debug|x64.ActiveCfg = Debug|x64
		{8C037FFC-BF78-4601-8D39-5E7D0A3B38A2}.Debug|x64.Build.0 = Debug|x64
		{8C037FFC-BF78-4601-8D39-5E7D0A3B38A2}.Debug|x86.ActiveCfg = Debug|Win32
		{8C037FFC-BF78-4601-8D39-5E7D0A3B38A2}.Debug|x86.Build.0 = Debug|Win32
		{8C037FFC-BF78-4601-8D39-5E7D0A3B38A2}.Release|x64.ActiveCfg = Release|x64
		{8C037FFC-BF78-4601-8D39-5E7D0A3B38A2}.Release|x64.Build.0 = Release|x64
		{8C037FFC-BF78-4601-8D39-5E7D0A3B38A2}.Release|x86.ActiveCfg = Release|Win32
		{8C037FFC-BF78-4601-8D39-5E7D0A3B38A2}.Release|x86.Build.0 = Release|Win32
	EndGlobalSection
	GlobalSection(SolutionProperties) = preSolution
		HideSolutionNode = FALSE
	EndGlobalSection
	GlobalSection(ExtensibilityGlobals) = postSolution
		SolutionGuid = {3CBAB9DE-0BF0-4411-BEE3-36183A7C08EC}
	EndGlobalSection
EndGlobal
